{
  "version": 4,
  "terraform_version": "1.5.7",
  "serial": 11,
  "lineage": "c9dba93f-5801-772c-1492-84e4cde28757",
  "outputs": {
    "private_ip": {
      "value": "10.0.1.10",
      "type": "string"
    },
    "server_id": {
      "value": null,
      "type": "string"
    },
    "server_ip": {
      "value": null,
      "type": "string"
    },
    "server_ipv6": {
      "value": null,
      "type": "string"
    },
    "ssh_command": {
      "value": null,
      "type": "string"
    },
    "volume_id": {
      "value": "104509927",
      "type": "string"
    }
  },
  "resources": [
    {
      "mode": "managed",
      "type": "hcloud_firewall",
      "name": "boardroom",
      "provider": "provider[\"registry.terraform.io/hetznercloud/hcloud\"]",
      "instances": [
        {
          "schema_version": 0,
          "attributes": {
            "apply_to": [],
            "id": "10456022",
            "labels": {},
            "name": "boardroom-prod",
            "rule": [
              {
                "description": "",
                "destination_ips": [
                  "0.0.0.0/0",
                  "::/0"
                ],
                "direction": "out",
                "port": "",
                "protocol": "icmp",
                "source_ips": []
              },
              {
                "description": "",
                "destination_ips": [
                  "0.0.0.0/0",
                  "::/0"
                ],
                "direction": "out",
                "port": "any",
                "protocol": "tcp",
                "source_ips": []
              },
              {
                "description": "",
                "destination_ips": [
                  "0.0.0.0/0",
                  "::/0"
                ],
                "direction": "out",
                "port": "any",
                "protocol": "udp",
                "source_ips": []
              },
              {
                "description": "",
                "destination_ips": [],
                "direction": "in",
                "port": "22",
                "protocol": "tcp",
                "source_ips": [
                  "0.0.0.0/0",
                  "::/0"
                ]
              },
              {
                "description": "",
                "destination_ips": [],
                "direction": "in",
                "port": "443",
                "protocol": "tcp",
                "source_ips": [
                  "0.0.0.0/0",
                  "::/0"
                ]
              },
              {
                "description": "",
                "destination_ips": [],
                "direction": "in",
                "port": "80",
                "protocol": "tcp",
                "source_ips": [
                  "0.0.0.0/0",
                  "::/0"
                ]
              }
            ]
          },
          "sensitive_attributes": [],
          "private": "bnVsbA=="
        }
      ]
    },
    {
      "mode": "managed",
      "type": "hcloud_network",
      "name": "boardroom",
      "provider": "provider[\"registry.terraform.io/hetznercloud/hcloud\"]",
      "instances": [
        {
          "schema_version": 0,
          "attributes": {
            "delete_protection": false,
            "expose_routes_to_vswitch": false,
            "id": "11884038",
            "ip_range": "10.0.0.0/16",
            "labels": {},
            "name": "boardroom-prod"
          },
          "sensitive_attributes": [],
          "private": "bnVsbA=="
        }
      ]
    },
    {
      "mode": "managed",
      "type": "hcloud_network_subnet",
      "name": "boardroom",
      "provider": "provider[\"registry.terraform.io/hetznercloud/hcloud\"]",
      "instances": [
        {
          "schema_version": 0,
          "attributes": {
            "gateway": "10.0.0.1",
            "id": "11884038-10.0.1.0/24",
            "ip_range": "10.0.1.0/24",
            "network_id": 11884038,
            "network_zone": "eu-central",
            "type": "cloud",
            "vswitch_id": null
          },
          "sensitive_attributes": [],
          "private": "bnVsbA==",
          "dependencies": [
            "hcloud_network.boardroom"
          ]
        }
      ]
    },
    {
      "mode": "managed",
      "type": "hcloud_server_network",
      "name": "boardroom",
      "provider": "provider[\"registry.terraform.io/hetznercloud/hcloud\"]",
      "instances": []
    },
    {
      "mode": "managed",
      "type": "hcloud_ssh_key",
      "name": "boardroom",
      "provider": "provider[\"registry.terraform.io/hetznercloud/hcloud\"]",
      "instances": [
        {
          "schema_version": 0,
          "attributes": {
            "fingerprint": "ba:0f:3a:6f:7f:1b:12:87:34:a5:b2:70:71:cb:ea:61",
            "id": "106285921",
            "labels": {},
            "name": "boardroom",
            "public_key": "ssh-ed25519 AAAAC3NzaC1lZDI1NTE5AAAAIOGL5W/oL8iscTkUJ10MnSA8BKUIJbKCjcDOJqmuLjk0 brian@Brians-MacBook-Pro-M2-Max-64GB-2.local\n"
          },
          "sensitive_attributes": []
        }
      ]
    },
    {
      "mode": "managed",
      "type": "hcloud_volume",
      "name": "boardroom_data",
      "provider": "provider[\"registry.terraform.io/hetznercloud/hcloud\"]",
      "instances": [
        {
          "schema_version": 0,
          "attributes": {
            "automount": null,
            "delete_protection": false,
            "format": "ext4",
            "id": "104509927",
            "labels": {
              "environment": "prod",
              "service": "boardroom"
            },
            "linux_device": "/dev/disk/by-id/scsi-0HC_Volume_104509927",
            "location": "fsn1",
            "name": "boardroom-prod-data",
            "server_id": null,
            "size": 50
          },
          "sensitive_attributes": [],
          "private": "bnVsbA=="
        }
      ]
    },
    {
      "mode": "managed",
      "type": "hcloud_volume_attachment",
      "name": "boardroom_data",
      "provider": "provider[\"registry.terraform.io/hetznercloud/hcloud\"]",
      "instances": []
    }
  ],
  "check_results": null
}
