{
  "version": 4,
  "terraform_version": "1.5.7",
  "serial": 17,
  "lineage": "c9dba93f-5801-772c-1492-84e4cde28757",
  "outputs": {
    "private_ip": {
      "value": "10.0.1.10",
      "type": "string"
    },
    "server_id": {
      "value": "118740232",
      "type": "string"
    },
    "server_ip": {
      "value": "46.224.211.238",
      "type": "string"
    },
    "server_ipv6": {
      "value": "2a01:4f8:1c1f:a406::1",
      "type": "string"
    },
    "ssh_command": {
      "value": "ssh -i ~/.ssh/hetzer-boardroom root@46.224.211.238",
      "type": "string"
    },
    "volume_id": {
      "value": "104509933",
      "type": "string"
    }
  },
  "resources": [
    {
      "mode": "managed",
      "type": "hcloud_firewall",
      "name": "boardroom",
      "provider": "provider[\"registry.terraform.io/hetznercloud/hcloud\"]",
      "instances": [
        {
          "schema_version": 0,
          "attributes": {
            "apply_to": [],
            "id": "10456022",
            "labels": {},
            "name": "boardroom-prod",
            "rule": [
              {
                "description": "",
                "destination_ips": [
                  "0.0.0.0/0",
                  "::/0"
                ],
                "direction": "out",
                "port": "",
                "protocol": "icmp",
                "source_ips": []
              },
              {
                "description": "",
                "destination_ips": [
                  "0.0.0.0/0",
                  "::/0"
                ],
                "direction": "out",
                "port": "any",
                "protocol": "tcp",
                "source_ips": []
              },
              {
                "description": "",
                "destination_ips": [
                  "0.0.0.0/0",
                  "::/0"
                ],
                "direction": "out",
                "port": "any",
                "protocol": "udp",
                "source_ips": []
              },
              {
                "description": "",
                "destination_ips": [],
                "direction": "in",
                "port": "22",
                "protocol": "tcp",
                "source_ips": [
                  "0.0.0.0/0",
                  "::/0"
                ]
              },
              {
                "description": "",
                "destination_ips": [],
                "direction": "in",
                "port": "443",
                "protocol": "tcp",
                "source_ips": [
                  "0.0.0.0/0",
                  "::/0"
                ]
              },
              {
                "description": "",
                "destination_ips": [],
                "direction": "in",
                "port": "80",
                "protocol": "tcp",
                "source_ips": [
                  "0.0.0.0/0",
                  "::/0"
                ]
              }
            ]
          },
          "sensitive_attributes": [],
          "private": "bnVsbA=="
        }
      ]
    },
    {
      "mode": "managed",
      "type": "hcloud_network",
      "name": "boardroom",
      "provider": "provider[\"registry.terraform.io/hetznercloud/hcloud\"]",
      "instances": [
        {
          "schema_version": 0,
          "attributes": {
            "delete_protection": false,
            "expose_routes_to_vswitch": false,
            "id": "11884038",
            "ip_range": "10.0.0.0/16",
            "labels": {},
            "name": "boardroom-prod"
          },
          "sensitive_attributes": [],
          "private": "bnVsbA=="
        }
      ]
    },
    {
      "mode": "managed",
      "type": "hcloud_network_subnet",
      "name": "boardroom",
      "provider": "provider[\"registry.terraform.io/hetznercloud/hcloud\"]",
      "instances": [
        {
          "schema_version": 0,
          "attributes": {
            "gateway": "10.0.0.1",
            "id": "11884038-10.0.1.0/24",
            "ip_range": "10.0.1.0/24",
            "network_id": 11884038,
            "network_zone": "eu-central",
            "type": "cloud",
            "vswitch_id": null
          },
          "sensitive_attributes": [],
          "private": "bnVsbA==",
          "dependencies": [
            "hcloud_network.boardroom"
          ]
        }
      ]
    },
    {
      "mode": "managed",
      "type": "hcloud_server",
      "name": "boardroom",
      "provider": "provider[\"registry.terraform.io/hetznercloud/hcloud\"]",
      "instances": [
        {
          "schema_version": 0,
          "attributes": {
            "allow_deprecated_images": false,
            "backup_window": "",
            "backups": false,
            "datacenter": "nbg1-dc3",
            "delete_protection": false,
            "firewall_ids": [
              10456022
            ],
            "id": "118740232",
            "ignore_remote_firewall_ids": false,
            "image": "ubuntu-24.04",
            "ipv4_address": "46.224.211.238",
            "ipv6_address": "2a01:4f8:1c1f:a406::1",
            "ipv6_network": "2a01:4f8:1c1f:a406::/64",
            "iso": null,
            "keep_disk": false,
            "labels": {
              "environment": "prod",
              "service": "boardroom"
            },
            "location": "nbg1",
            "name": "boardroom-prod",
            "network": [],
            "placement_group_id": 0,
            "primary_disk_size": 80,
            "public_net": [
              {
                "ipv4": 0,
                "ipv4_enabled": true,
                "ipv6": 0,
                "ipv6_enabled": true
              }
            ],
            "rebuild_protection": false,
            "rescue": null,
            "server_type": "cx33",
            "shutdown_before_deletion": false,
            "ssh_keys": [
              "106285921"
            ],
            "status": "running",
            "timeouts": null,
            "user_data": "SFILHNuLnPnlnr7pxAhcVEX+u0A="
          },
          "sensitive_attributes": [],
          "private": "eyJlMmJmYjczMC1lY2FhLTExZTYtOGY4OC0zNDM2M2JjN2M0YzAiOnsiY3JlYXRlIjo1NDAwMDAwMDAwMDAwfX0=",
          "dependencies": [
            "hcloud_firewall.boardroom",
            "hcloud_ssh_key.boardroom"
          ]
        }
      ]
    },
    {
      "mode": "managed",
      "type": "hcloud_server_network",
      "name": "boardroom",
      "provider": "provider[\"registry.terraform.io/hetznercloud/hcloud\"]",
      "instances": [
        {
          "schema_version": 0,
          "attributes": {
            "alias_ips": [],
            "id": "118740232-11884038",
            "ip": "10.0.1.10",
            "mac_address": "86:00:00:7f:0d:aa",
            "network_id": 11884038,
            "server_id": 118740232,
            "subnet_id": null
          },
          "sensitive_attributes": [],
          "dependencies": [
            "hcloud_firewall.boardroom",
            "hcloud_network.boardroom",
            "hcloud_server.boardroom",
            "hcloud_ssh_key.boardroom"
          ]
        }
      ]
    },
    {
      "mode": "managed",
      "type": "hcloud_ssh_key",
      "name": "boardroom",
      "provider": "provider[\"registry.terraform.io/hetznercloud/hcloud\"]",
      "instances": [
        {
          "schema_version": 0,
          "attributes": {
            "fingerprint": "ba:0f:3a:6f:7f:1b:12:87:34:a5:b2:70:71:cb:ea:61",
            "id": "106285921",
            "labels": {},
            "name": "boardroom",
            "public_key": "ssh-ed25519 AAAAC3NzaC1lZDI1NTE5AAAAIOGL5W/oL8iscTkUJ10MnSA8BKUIJbKCjcDOJqmuLjk0 brian@Brians-MacBook-Pro-M2-Max-64GB-2.local\n"
          },
          "sensitive_attributes": []
        }
      ]
    },
    {
      "mode": "managed",
      "type": "hcloud_volume",
      "name": "boardroom_data",
      "provider": "provider[\"registry.terraform.io/hetznercloud/hcloud\"]",
      "instances": [
        {
          "schema_version": 0,
          "attributes": {
            "automount": null,
            "delete_protection": false,
            "format": "ext4",
            "id": "104509933",
            "labels": {
              "environment": "prod",
              "service": "boardroom"
            },
            "linux_device": "/dev/disk/by-id/scsi-0HC_Volume_104509933",
            "location": "nbg1",
            "name": "boardroom-prod-data",
            "server_id": null,
            "size": 50
          },
          "sensitive_attributes": [],
          "private": "bnVsbA=="
        }
      ]
    },
    {
      "mode": "managed",
      "type": "hcloud_volume_attachment",
      "name": "boardroom_data",
      "provider": "provider[\"registry.terraform.io/hetznercloud/hcloud\"]",
      "instances": [
        {
          "schema_version": 0,
          "attributes": {
            "automount": true,
            "id": "104509933",
            "server_id": 118740232,
            "volume_id": 104509933
          },
          "sensitive_attributes": [],
          "private": "bnVsbA==",
          "dependencies": [
            "hcloud_firewall.boardroom",
            "hcloud_server.boardroom",
            "hcloud_ssh_key.boardroom",
            "hcloud_volume.boardroom_data"
          ]
        }
      ]
    }
  ],
  "check_results": null
}
